<Project xmlns="http://schemas.microsoft.com/developer/msbuild/2003">
    <PropertyGroup>
        <Base>True</Base>
        <AppType>Application</AppType>
        <Config Condition="'$(Config)'==''">Debug</Config>
        <FrameworkType>VCL</FrameworkType>
        <MainSource>TestAPIs.dpr</MainSource>
        <Platform Condition="'$(Platform)'==''">Win64</Platform>
        <ProjectGuid>{E7E39868-D5D4-4725-94E0-9A056BC86666}</ProjectGuid>
        <ProjectName Condition="'$(ProjectName)'==''">TestAPIs</ProjectName>
        <ProjectVersion>20.3</ProjectVersion>
        <TargetedPlatforms>3</TargetedPlatforms>
    </PropertyGroup>
    <PropertyGroup Condition="'$(Config)'=='Base' or '$(Base)'!=''">
        <Base>true</Base>
    </PropertyGroup>
    <PropertyGroup Condition="('$(Platform)'=='Win32' and '$(Base)'=='true') or '$(Base_Win32)'!=''">
        <Base_Win32>true</Base_Win32>
        <CfgParent>Base</CfgParent>
        <Base>true</Base>
    </PropertyGroup>
    <PropertyGroup Condition="('$(Platform)'=='Win64' and '$(Base)'=='true') or '$(Base_Win64)'!=''">
        <Base_Win64>true</Base_Win64>
        <CfgParent>Base</CfgParent>
        <Base>true</Base>
    </PropertyGroup>
    <PropertyGroup Condition="'$(Config)'=='Debug' or '$(Cfg_1)'!=''">
        <Cfg_1>true</Cfg_1>
        <CfgParent>Base</CfgParent>
        <Base>true</Base>
    </PropertyGroup>
    <PropertyGroup Condition="('$(Platform)'=='Win32' and '$(Cfg_1)'=='true') or '$(Cfg_1_Win32)'!=''">
        <Cfg_1_Win32>true</Cfg_1_Win32>
        <CfgParent>Cfg_1</CfgParent>
        <Cfg_1>true</Cfg_1>
        <Base>true</Base>
    </PropertyGroup>
    <PropertyGroup Condition="('$(Platform)'=='Win64' and '$(Cfg_1)'=='true') or '$(Cfg_1_Win64)'!=''">
        <Cfg_1_Win64>true</Cfg_1_Win64>
        <CfgParent>Cfg_1</CfgParent>
        <Cfg_1>true</Cfg_1>
        <Base>true</Base>
    </PropertyGroup>
    <PropertyGroup Condition="'$(Config)'=='Release' or '$(Cfg_2)'!=''">
        <Cfg_2>true</Cfg_2>
        <CfgParent>Base</CfgParent>
        <Base>true</Base>
    </PropertyGroup>
    <PropertyGroup Condition="('$(Platform)'=='Win32' and '$(Cfg_2)'=='true') or '$(Cfg_2_Win32)'!=''">
        <Cfg_2_Win32>true</Cfg_2_Win32>
        <CfgParent>Cfg_2</CfgParent>
        <Cfg_2>true</Cfg_2>
        <Base>true</Base>
    </PropertyGroup>
    <PropertyGroup Condition="('$(Platform)'=='Win64' and '$(Cfg_2)'=='true') or '$(Cfg_2_Win64)'!=''">
        <Cfg_2_Win64>true</Cfg_2_Win64>
        <CfgParent>Cfg_2</CfgParent>
        <Cfg_2>true</Cfg_2>
        <Base>true</Base>
    </PropertyGroup>
    <PropertyGroup Condition="'$(Base)'!=''">
        <SanitizedProjectName>TestAPIs</SanitizedProjectName>
        <DCC_DcuOutput>.\$(Platform)\$(Config)</DCC_DcuOutput>
        <DCC_ExeOutput>..\bin\$(Platform)\$(Config)</DCC_ExeOutput>
        <DCC_GenerateStackFrames>true</DCC_GenerateStackFrames>
        <DCC_MapFile>3</DCC_MapFile>
        <DCC_Namespace>System;Xml;Data;Datasnap;Web;Soap;Vcl;Vcl.Imaging;Vcl.Touch;Vcl.Samples;Vcl.Shell;$(DCC_Namespace)</DCC_Namespace>
        <DCC_UnitSearchPath>..\Libs\aws-sdk-delphi\Source\Services\Polly\Base;..\Libs\aws-sdk-delphi\Source\Services\Polly\Base\Model;..\Libs\aws-sdk-delphi\Source\Services\Polly\Base\Transform;..\Libs\aws-sdk-delphi\Source\Core;..\Libs\aws-sdk-delphi\Source;..\Libs\aws-sdk-delphi\Source\Services\Translate\Base;..\Libs\aws-sdk-delphi\Source\Services\Translate\Base\Model;..\Libs\aws-sdk-delphi\Source\Services\Translate\Base\Transform;$(DCC_UnitSearchPath)</DCC_UnitSearchPath>
        <Icon_MainIcon>$(BDS)\bin\delphi_PROJECTICON.ico</Icon_MainIcon>
        <VerInfo_Keys>CompanyName=;FileDescription=$(MSBuildProjectName);FileVersion=1.0.0.0;InternalName=;LegalCopyright=;LegalTrademarks=;OriginalFilename=;ProgramID=com.embarcadero.$(MSBuildProjectName);ProductName=$(MSBuildProjectName);ProductVersion=1.0.0.0;Comments=</VerInfo_Keys>
        <VerInfo_Locale>3081</VerInfo_Locale>
    </PropertyGroup>
    <PropertyGroup Condition="'$(Base_Win32)'!=''">
        <BT_BuildType>Debug</BT_BuildType>
        <DCC_Namespace>Winapi;System.Win;Data.Win;Datasnap.Win;Web.Win;Soap.Win;Xml.Win;Bde;$(DCC_Namespace)</DCC_Namespace>
        <DCC_UsePackage>JvNet;vclwinx;DataSnapServer;FixInsight_11;fmx;emshosting;vclie;DbxCommonDriver;bindengine;IndyIPCommon;VCLRESTComponents;DBXMSSQLDriver;FireDACCommonODBC;emsclient;FireDACCommonDriver;PKIEDB28;appanalytics;IndyProtocols;vclx;OpenOfficeComponent_install;frxe28;IndyIPClient;dbxcds;vcledge;frxTee28;Skia.Package.RTL;bindcompvclwinx;FmxTeeUI;emsedge;bindcompfmx;DBXFirebirdDriver;SMImportD11;JvBands;fsDB28;inetdb;TMSVCLUIPackPkgDXE14;JvAppFrm;frxADO28;FireDACSqliteDriver;DbxClientDriver;FireDACASADriver;Tee;soapmidas;JclVcl;vclactnband;TeeUI;frxIntIO28;fmxFireDAC;dbexpress;Jcl;JvManagedThreads;FireDACInfxDriver;frxDBX28;Python;DBXMySQLDriver;VclSmp;inet;DataSnapCommon;JvPascalInterpreter;PipesRunTime;EurekaLogCore;PythonVcl;vcltouch;fmxase;frx28;AWSSDK;JvPluginSystem;DBXOdbcDriver;JvDB;dbrtl;JvTimeFramework;FireDACDBXDriver;FireDACOracleDriver;Skia.Package.FMX;fmxdae;TeeDB;FireDACMSAccDriver;JvCustom;CustomIPTransport;FireDACMSSQLDriver;JvSystem;AbbreviaVCLD;DataSnapIndy10ServerTransport;JclDeveloperTools;JvControls;OverbyteIcsD110Run;DataSnapConnectors;vcldsnap;DBXInterBaseDriver;JvCrypt;FireDACMongoDBDriver;JvJans;JvMM;IndySystem;JvWizards;frxDB28;FireDACTDataDriver;Skia.Package.VCL;JvGlobus;vcldb;frxIntIOIndy28;SynEditDR;JclContainers;JvPageComps;vclFireDAC;JvCore;fs28;bindcomp;FireDACCommon;DataSnapServerMidas;FireDACODBCDriver;emsserverresource;GridViewDR;CMPackage;IndyCore;RESTBackendComponents;DOSCommandDR;fsTee28;bindcompdbx;frxHTML28;rtl;FireDACMySQLDriver;AWSSDKFMX;FireDACADSDriver;AWSSDKVCL;RESTComponents;DBXSqliteDriver;vcl;IndyIPServer;dsnapxml;dsnapcon;DataSnapClient;DataSnapProviderClient;adortl;JvDotNetCtrls;JvHMI;DBXSybaseASEDriver;VirtualTreesDR;JvRuntimeDesign;TMSVCLUIPackPkgExDXE14;DBXDb2Driver;TMSVCLUIPackPkgWizDXE14;JvXPCtrls;frxcs28;vclimg;DataSnapFireDAC;emsclientfiredac;FireDACPgDriver;FireDAC;FireDACDSDriver;inetdbxpress;xmlrtl;tethering;JvStdCtrls;JvDlgs;JvDocking;JvPrintPreview;bindcompvcl;dsnap;MQTTComponents;JvCmp;PKIECtrl28;CloudService;DBXSybaseASADriver;DBXOracleDriver;FireDACDb2Driver;DBXInformixDriver;NewAC_XE10;frxPDF28;fsADO28;fmxobj;bindcompvclsmp;DataSnapNativeClient;FMXTee;PythonFmx;TMSVCLUIPackPkgXlsDXE14;DatasnapConnectorsFreePascal;soaprtl;soapserver;FireDACIBDriver;$(DCC_UsePackage)</DCC_UsePackage>
        <Manifest_File>$(BDS)\bin\default_app.manifest</Manifest_File>
        <VerInfo_IncludeVerInfo>true</VerInfo_IncludeVerInfo>
        <VerInfo_Keys>CompanyName=;FileDescription=$(MSBuildProjectName);FileVersion=1.0.0.0;InternalName=;LegalCopyright=;LegalTrademarks=;OriginalFilename=;ProgramID=com.embarcadero.$(MSBuildProjectName);ProductName=$(MSBuildProjectName);ProductVersion=1.0.0.0;Comments=</VerInfo_Keys>
        <VerInfo_Locale>1033</VerInfo_Locale>
    </PropertyGroup>
    <PropertyGroup Condition="'$(Base_Win64)'!=''">
        <BT_BuildType>Debug</BT_BuildType>
        <DCC_Namespace>Winapi;System.Win;Data.Win;Datasnap.Win;Web.Win;Soap.Win;Xml.Win;$(DCC_Namespace)</DCC_Namespace>
        <Manifest_File>$(BDS)\bin\default_app.manifest</Manifest_File>
        <VerInfo_IncludeVerInfo>true</VerInfo_IncludeVerInfo>
        <VerInfo_Locale>1033</VerInfo_Locale>
    </PropertyGroup>
    <PropertyGroup Condition="'$(Cfg_1)'!=''">
        <DCC_DebugDCUs>true</DCC_DebugDCUs>
        <DCC_DebugInfoInExe>true</DCC_DebugInfoInExe>
        <DCC_Define>DEBUG;$(DCC_Define)</DCC_Define>
        <DCC_GenerateStackFrames>true</DCC_GenerateStackFrames>
        <DCC_IntegerOverflowCheck>true</DCC_IntegerOverflowCheck>
        <DCC_Optimize>false</DCC_Optimize>
        <DCC_RangeChecking>true</DCC_RangeChecking>
        <DCC_RemoteDebug>true</DCC_RemoteDebug>
    </PropertyGroup>
    <PropertyGroup Condition="'$(Cfg_1_Win32)'!=''">
        <AppDPIAwarenessMode>PerMonitorV2</AppDPIAwarenessMode>
        <DCC_MapFile>3</DCC_MapFile>
        <DCC_RemoteDebug>false</DCC_RemoteDebug>
        <DCC_UnitSearchPath>Z:\Programming\ADUG\Symposium2023\Libs\aws-sdk-delphi\Source\Core;Z:\Programming\ADUG\Symposium2023\Libs\aws-sdk-delphi\Source\Services\Polly\Custom;Z:\Programming\ADUG\Symposium2023\Libs\aws-sdk-delphi\Source\Services\Polly\Base\Model;Z:\Programming\ADUG\Symposium2023\Libs\aws-sdk-delphi\Source\Services\Polly\Base\Transform;Z:\Programming\ADUG\Symposium2023\Libs\aws-sdk-delphi\Source\Biz;Z:\Programming\ADUG\Symposium2023\Libs\aws-sdk-delphi\Source\Services\Polly\Base;Z:\Programming\ADUG\Symposium2023\Libs\aws-sdk-delphi\Source\Services\Translate\Base;Z:\Programming\ADUG\Symposium2023\Libs\aws-sdk-delphi\Source\Services\Translate\Base\Model;Z:\Programming\ADUG\Symposium2023\Libs\aws-sdk-delphi\Source\Services\Translate\Base\Transform;Z:\Programming\ADUG\Symposium2023\Libs\aws-sdk-delphi\Source;$(DCC_UnitSearchPath)</DCC_UnitSearchPath>
        <VerInfo_IncludeVerInfo>true</VerInfo_IncludeVerInfo>
        <VerInfo_Locale>1033</VerInfo_Locale>
    </PropertyGroup>
    <PropertyGroup Condition="'$(Cfg_1_Win64)'!=''">
        <AppDPIAwarenessMode>PerMonitorV2</AppDPIAwarenessMode>
        <VerInfo_IncludeVerInfo>true</VerInfo_IncludeVerInfo>
        <VerInfo_Locale>1033</VerInfo_Locale>
    </PropertyGroup>
    <PropertyGroup Condition="'$(Cfg_2)'!=''">
        <DCC_DebugInformation>0</DCC_DebugInformation>
        <DCC_Define>RELEASE;$(DCC_Define)</DCC_Define>
        <DCC_LocalDebugSymbols>false</DCC_LocalDebugSymbols>
        <DCC_SymbolReferenceInfo>0</DCC_SymbolReferenceInfo>
    </PropertyGroup>
    <PropertyGroup Condition="'$(Cfg_2_Win32)'!=''">
        <AppDPIAwarenessMode>PerMonitorV2</AppDPIAwarenessMode>
    </PropertyGroup>
    <PropertyGroup Condition="'$(Cfg_2_Win64)'!=''">
        <AppDPIAwarenessMode>PerMonitorV2</AppDPIAwarenessMode>
    </PropertyGroup>
    <ItemGroup>
        <DelphiCompile Include="$(MainSource)">
            <MainSource>MainSource</MainSource>
        </DelphiCompile>
        <DCCReference Include="frmTestAPI.pas">
            <Form>frmTestApiWindow</Form>
        </DCCReference>
        <DCCReference Include="..\Libs\TextToSpeech\uTTS.Amazon.Polly.pas"/>
        <DCCReference Include="..\Libs\TextToSpeech\uTTS.pas"/>
        <DCCReference Include="..\Libs\TextToSpeech\uTTS.ElevenLabs.pas"/>
        <DCCReference Include="..\Libs\TextToSpeech\uTTS.GoogleSpeech.pas"/>
        <DCCReference Include="..\Libs\TextToSpeech\uTTS.Microsoft.Cognitive.pas"/>
        <DCCReference Include="..\Libs\TextToSpeech\uTTS.Windows.Engine.pas"/>
        <DCCReference Include="..\Libs\TextToSpeech\SpeechLib_TLB.pas"/>
        <DCCReference Include="..\Libs\TextToSpeech\uTTS.GoogleSpeech.DTO.pas"/>
        <DCCReference Include="..\Libs\TextToSpeech\uTTS.Microsoft.Cognitive.Voices.DTO.pas"/>
        <DCCReference Include="..\Libs\Translate\uTranslate.pas"/>
        <DCCReference Include="..\Libs\Translate\uTranslate.Microsoft.pas"/>
        <DCCReference Include="..\Libs\Translate\uTranslate.Google.pas"/>
        <DCCReference Include="..\Libs\Translate\uTranslate.Amazon.pas"/>
        <DCCReference Include="..\Libs\Translate\uTranslate.LanguageCodes.pas"/>
        <DCCReference Include="..\Libs\LLM\uLLM.pas"/>
        <DCCReference Include="..\Libs\LLM\uLLM.Azure.pas"/>
        <DCCReference Include="..\Libs\REST.Authenticator.EnhancedOAuth.pas"/>
        <DCCReference Include="..\Libs\LLM\uLLM.OpenAI.pas"/>
        <DCCReference Include="..\Libs\LLM\uLLM.Google.Gemini.pas"/>
        <DCCReference Include="..\Libs\LLM\uLLM.Anthropic.pas"/>
        <DCCReference Include="..\Libs\LLM\uLLM.Replicate.pas"/>
        <DCCReference Include="..\Libs\LLM\uLLM.HuggingFace.pas"/>
        <DCCReference Include="..\Libs\LLM\uLLM.Groq.pas"/>
        <DCCReference Include="..\Libs\ImageGeneration\uImageGeneration.Replicate.pas"/>
        <DCCReference Include="..\Libs\ImageGeneration\uImageGeneration.pas"/>
        <DCCReference Include="..\Libs\ImageGeneration\uImageGeneration.OpenAI.pas"/>
        <DCCReference Include="..\Libs\ImageGeneration\uDALLe2.DTO.pas"/>
        <DCCReference Include="..\Libs\Embeddings\uEmbeddings.pas"/>
        <DCCReference Include="..\Libs\Embeddings\uEmbeddings.OpenAI.pas"/>
        <DCCReference Include="..\Libs\Embeddings\uEmbeddings.Microsoft.OpenAI.pas"/>
        <DCCReference Include="..\Libs\TextToSpeech\uTTS.Coqui.pas"/>
        <DCCReference Include="..\Libs\TextToSpeech\uTTS.OpenAI.pas"/>
        <DCCReference Include="..\Libs\LLM\uLLM.Functions.pas"/>
        <DCCReference Include="..\Libs\LLM\uAttributes.pas"/>
        <DCCReference Include="..\Libs\LLM\uLLM.X.Ai.pas"/>
        <DCCReference Include="..\Libs\LLM\uLLM.OpenAI.Assistants.pas"/>
        <DCCReference Include="..\Libs\ApiKeyStore\ApiKeyStore.pas"/>
        <DCCReference Include="..\Libs\ApiKeyStore\ApiKeyStore.Windows.pas"/>
        <DCCReference Include="..\Libs\ApiKeyStore\ApiKeyStore.Android.pas"/>
        <DCCReference Include="..\Libs\ApiKeyStore\uAPIKeyNameList.pas"/>
        <DCCReference Include="..\Libs\LLM\uLLM.Mistral.pas"/>
        <DCCReference Include="..\Libs\ApiKeyStore\frmApiKeyStore.pas">
            <Form>frmApiKeyStores</Form>
            <FormType>dfm</FormType>
        </DCCReference>
        <BuildConfiguration Include="Base">
            <Key>Base</Key>
        </BuildConfiguration>
        <BuildConfiguration Include="Debug">
            <Key>Cfg_1</Key>
            <CfgParent>Base</CfgParent>
        </BuildConfiguration>
        <BuildConfiguration Include="Release">
            <Key>Cfg_2</Key>
            <CfgParent>Base</CfgParent>
        </BuildConfiguration>
    </ItemGroup>
    <ProjectExtensions>
        <Borland.Personality>Delphi.Personality.12</Borland.Personality>
        <Borland.ProjectType>Application</Borland.ProjectType>
        <BorlandProject>
            <Delphi.Personality>
                <Source>
                    <Source Name="MainSource">TestAPIs.dpr</Source>
                </Source>
                <Excluded_Packages/>
            </Delphi.Personality>
            <Platforms>
                <Platform value="Win32">True</Platform>
                <Platform value="Win64">True</Platform>
            </Platforms>
        </BorlandProject>
        <ProjectFileVersion>12</ProjectFileVersion>
    </ProjectExtensions>
    <Import Project="$(BDS)\Bin\CodeGear.Delphi.Targets" Condition="Exists('$(BDS)\Bin\CodeGear.Delphi.Targets')"/>
    <Import Project="$(APPDATA)\Embarcadero\$(BDSAPPDATABASEDIR)\$(PRODUCTVERSION)\UserTools.proj" Condition="Exists('$(APPDATA)\Embarcadero\$(BDSAPPDATABASEDIR)\$(PRODUCTVERSION)\UserTools.proj')"/>
    <Import Project="$(MSBuildProjectName).deployproj" Condition="Exists('$(MSBuildProjectName).deployproj')"/>
</Project>
